Microsoft Visual Studio Solution File, Format Version 11.00
# Visual Studio 2012
Project("{FAE04EC0-301F-11D3-BF4B-00C04F79EFBC}") = "DockManager_MenuCustomization", "DockManager_MenuCustomization\DockManager_MenuCustomization.csproj", "{D0B1DE2E-E449-4405-87BA-C960BEB23776}"
EndProject
Global
	GlobalSection(SolutionConfigurationPlatforms) = preSolution
		Debug|Any CPU = Debug|Any CPU
		Release|Any CPU = Release|Any CPU
	EndGlobalSection
	GlobalSection(ProjectConfigurationPlatforms) = postSolution
		{D0B1DE2E-E449-4405-87BA-C960BEB23776}.Debug|Any CPU.ActiveCfg = Debug|Any CPU
		{D0B1DE2E-E449-4405-87BA-C960BEB23776}.Debug|Any CPU.Build.0 = Debug|Any CPU
		{D0B1DE2E-E449-4405-87BA-C960BEB23776}.Release|Any CPU.ActiveCfg = Release|Any CPU
		{D0B1DE2E-E449-4405-87BA-C960BEB23776}.Release|Any CPU.Build.0 = Release|Any CPU
	EndGlobalSection
	GlobalSection(SolutionProperties) = preSolution
		HideSolutionNode = FALSE
	EndGlobalSection
EndGlobal
